// !$*UTF8*$!
{
	archiveVersion = 1;
	classes = {
	};
	objectVersion = 46;
	objects = {

/* Begin PBXBuildFile section */
		69771CC51B7DBB0400D8BE74 /* main.m in Sources */ = {isa = PBXBuildFile; fileRef = 69771CC41B7DBB0400D8BE74 /* main.m */; };
		69771CC81B7DBB0400D8BE74 /* AppDelegate.m in Sources */ = {isa = PBXBuildFile; fileRef = 69771CC71B7DBB0400D8BE74 /* AppDelegate.m */; };
		69771CD01B7DBB0400D8BE74 /* Images.xcassets in Resources */ = {isa = PBXBuildFile; fileRef = 69771CCF1B7DBB0400D8BE74 /* Images.xcassets */; };
		69771CD31B7DBB0400D8BE74 /* LaunchScreen.xib in Resources */ = {isa = PBXBuildFile; fileRef = 69771CD11B7DBB0400D8BE74 /* LaunchScreen.xib */; };
		69771CDF1B7DBB0500D8BE74 /* DragAndDropTests.m in Sources */ = {isa = PBXBuildFile; fileRef = 69771CDE1B7DBB0500D8BE74 /* DragAndDropTests.m */; };
		69771CEA1B7DBB6B00D8BE74 /* DragAndDropViewController.m in Sources */ = {isa = PBXBuildFile; fileRef = 69771CE91B7DBB6B00D8BE74 /* DragAndDropViewController.m */; };
		69771CEC1B7DBBBE00D8BE74 /* DragAndDropViewController.xib in Resources */ = {isa = PBXBuildFile; fileRef = 69771CEB1B7DBBBE00D8BE74 /* DragAndDropViewController.xib */; };
		69771CF11B7DBE1F00D8BE74 /* bag.png in Resources */ = {isa = PBXBuildFile; fileRef = 69771CED1B7DBE1F00D8BE74 /* bag.png */; };
		69771CF21B7DBE1F00D8BE74 /* basket.png in Resources */ = {isa = PBXBuildFile; fileRef = 69771CEE1B7DBE1F00D8BE74 /* basket.png */; };
		69771CF31B7DBE1F00D8BE74 /* bg.png in Resources */ = {isa = PBXBuildFile; fileRef = 69771CEF1B7DBE1F00D8BE74 /* bg.png */; };
		69771CF41B7DBE1F00D8BE74 /* shoe.png in Resources */ = {isa = PBXBuildFile; fileRef = 69771CF01B7DBE1F00D8BE74 /* shoe.png */; };
/* End PBXBuildFile section */

/* Begin PBXContainerItemProxy section */
		69771CD91B7DBB0500D8BE74 /* PBXContainerItemProxy */ = {
			isa = PBXContainerItemProxy;
			containerPortal = 69771CB71B7DBB0400D8BE74 /* Project object */;
			proxyType = 1;
			remoteGlobalIDString = 69771CBE1B7DBB0400D8BE74;
			remoteInfo = DragAndDrop;
		};
/* End PBXContainerItemProxy section */

/* Begin PBXFileReference section */
		69771CBF1B7DBB0400D8BE74 /* DragAndDrop.app */ = {isa = PBXFileReference; explicitFileType = wrapper.application; includeInIndex = 0; path = DragAndDrop.app; sourceTree = BUILT_PRODUCTS_DIR; };
		69771CC31B7DBB0400D8BE74 /* Info.plist */ = {isa = PBXFileReference; lastKnownFileType = text.plist.xml; path = Info.plist; sourceTree = "<group>"; };
		69771CC41B7DBB0400D8BE74 /* main.m */ = {isa = PBXFileReference; lastKnownFileType = sourcecode.c.objc; path = main.m; sourceTree = "<group>"; };
		69771CC61B7DBB0400D8BE74 /* AppDelegate.h */ = {isa = PBXFileReference; lastKnownFileType = sourcecode.c.h; path = AppDelegate.h; sourceTree = "<group>"; };
		69771CC71B7DBB0400D8BE74 /* AppDelegate.m */ = {isa = PBXFileReference; lastKnownFileType = sourcecode.c.objc; path = AppDelegate.m; sourceTree = "<group>"; };
		69771CCF1B7DBB0400D8BE74 /* Images.xcassets */ = {isa = PBXFileReference; lastKnownFileType = folder.assetcatalog; path = Images.xcassets; sourceTree = "<group>"; };
		69771CD21B7DBB0400D8BE74 /* Base */ = {isa = PBXFileReference; lastKnownFileType = file.xib; name = Base; path = Base.lproj/LaunchScreen.xib; sourceTree = "<group>"; };
		69771CD81B7DBB0500D8BE74 /* DragAndDropTests.xctest */ = {isa = PBXFileReference; explicitFileType = wrapper.cfbundle; includeInIndex = 0; path = DragAndDropTests.xctest; sourceTree = BUILT_PRODUCTS_DIR; };
		69771CDD1B7DBB0500D8BE74 /* Info.plist */ = {isa = PBXFileReference; lastKnownFileType = text.plist.xml; path = Info.plist; sourceTree = "<group>"; };
		69771CDE1B7DBB0500D8BE74 /* DragAndDropTests.m */ = {isa = PBXFileReference; lastKnownFileType = sourcecode.c.objc; path = DragAndDropTests.m; sourceTree = "<group>"; };
		69771CE81B7DBB6B00D8BE74 /* DragAndDropViewController.h */ = {isa = PBXFileReference; fileEncoding = 4; lastKnownFileType = sourcecode.c.h; path = DragAndDropViewController.h; sourceTree = "<group>"; };
		69771CE91B7DBB6B00D8BE74 /* DragAndDropViewController.m */ = {isa = PBXFileReference; fileEncoding = 4; lastKnownFileType = sourcecode.c.objc; path = DragAndDropViewController.m; sourceTree = "<group>"; };
		69771CEB1B7DBBBE00D8BE74 /* DragAndDropViewController.xib */ = {isa = PBXFileReference; fileEncoding = 4; lastKnownFileType = file.xib; path = DragAndDropViewController.xib; sourceTree = "<group>"; };
		69771CED1B7DBE1F00D8BE74 /* bag.png */ = {isa = PBXFileReference; lastKnownFileType = image.png; path = bag.png; sourceTree = "<group>"; };
		69771CEE1B7DBE1F00D8BE74 /* basket.png */ = {isa = PBXFileReference; lastKnownFileType = image.png; path = basket.png; sourceTree = "<group>"; };
		69771CEF1B7DBE1F00D8BE74 /* bg.png */ = {isa = PBXFileReference; lastKnownFileType = image.png; path = bg.png; sourceTree = "<group>"; };
		69771CF01B7DBE1F00D8BE74 /* shoe.png */ = {isa = PBXFileReference; lastKnownFileType = image.png; path = shoe.png; sourceTree = "<group>"; };
/* End PBXFileReference section */

/* Begin PBXFrameworksBuildPhase section */
		69771CBC1B7DBB0400D8BE74 /* Frameworks */ = {
			isa = PBXFrameworksBuildPhase;
			buildActionMask = 2147483647;
			files = (
			);
			runOnlyForDeploymentPostprocessing = 0;
		};
		69771CD51B7DBB0500D8BE74 /* Frameworks */ = {
			isa = PBXFrameworksBuildPhase;
			buildActionMask = 2147483647;
			files = (
			);
			runOnlyForDeploymentPostprocessing = 0;
		};
/* End PBXFrameworksBuildPhase section */

/* Begin PBXGroup section */
		69771CB61B7DBB0400D8BE74 = {
			isa = PBXGroup;
			children = (
				69771CC11B7DBB0400D8BE74 /* DragAndDrop */,
				69771CDB1B7DBB0500D8BE74 /* DragAndDropTests */,
				69771CC01B7DBB0400D8BE74 /* Products */,
			);
			sourceTree = "<group>";
		};
		69771CC01B7DBB0400D8BE74 /* Products */ = {
			isa = PBXGroup;
			children = (
				69771CBF1B7DBB0400D8BE74 /* DragAndDrop.app */,
				69771CD81B7DBB0500D8BE74 /* DragAndDropTests.xctest */,
			);
			name = Products;
			sourceTree = "<group>";
		};
		69771CC11B7DBB0400D8BE74 /* DragAndDrop */ = {
			isa = PBXGroup;
			children = (
				69771CE81B7DBB6B00D8BE74 /* DragAndDropViewController.h */,
				69771CE91B7DBB6B00D8BE74 /* DragAndDropViewController.m */,
				69771CEB1B7DBBBE00D8BE74 /* DragAndDropViewController.xib */,
				69771CC61B7DBB0400D8BE74 /* AppDelegate.h */,
				69771CC71B7DBB0400D8BE74 /* AppDelegate.m */,
				69771CCF1B7DBB0400D8BE74 /* Images.xcassets */,
				69771CD11B7DBB0400D8BE74 /* LaunchScreen.xib */,
				69771CC21B7DBB0400D8BE74 /* Supporting Files */,
			);
			path = DragAndDrop;
			sourceTree = "<group>";
		};
		69771CC21B7DBB0400D8BE74 /* Supporting Files */ = {
			isa = PBXGroup;
			children = (
				69771CED1B7DBE1F00D8BE74 /* bag.png */,
				69771CEE1B7DBE1F00D8BE74 /* basket.png */,
				69771CEF1B7DBE1F00D8BE74 /* bg.png */,
				69771CF01B7DBE1F00D8BE74 /* shoe.png */,
				69771CC31B7DBB0400D8BE74 /* Info.plist */,
				69771CC41B7DBB0400D8BE74 /* main.m */,
			);
			name = "Supporting Files";
			sourceTree = "<group>";
		};
		69771CDB1B7DBB0500D8BE74 /* DragAndDropTests */ = {
			isa = PBXGroup;
			children = (
				69771CDE1B7DBB0500D8BE74 /* DragAndDropTests.m */,
				69771CDC1B7DBB0500D8BE74 /* Supporting Files */,
			);
			path = DragAndDropTests;
			sourceTree = "<group>";
		};
		69771CDC1B7DBB0500D8BE74 /* Supporting Files */ = {
			isa = PBXGroup;
			children = (
				69771CDD1B7DBB0500D8BE74 /* Info.plist */,
			);
			name = "Supporting Files";
			sourceTree = "<group>";
		};
/* End PBXGroup section */

/* Begin PBXNativeTarget section */
		69771CBE1B7DBB0400D8BE74 /* DragAndDrop */ = {
			isa = PBXNativeTarget;
			buildConfigurationList = 69771CE21B7DBB0500D8BE74 /* Build configuration list for PBXNativeTarget "DragAndDrop" */;
			buildPhases = (
				69771CBB1B7DBB0400D8BE74 /* Sources */,
				69771CBC1B7DBB0400D8BE74 /* Frameworks */,
				69771CBD1B7DBB0400D8BE74 /* Resources */,
			);
			buildRules = (
			);
			dependencies = (
			);
			name = DragAndDrop;
			productName = DragAndDrop;
			productReference = 69771CBF1B7DBB0400D8BE74 /* DragAndDrop.app */;
			productType = "com.apple.product-type.application";
		};
		69771CD71B7DBB0500D8BE74 /* DragAndDropTests */ = {
			isa = PBXNativeTarget;
			buildConfigurationList = 69771CE51B7DBB0500D8BE74 /* Build configuration list for PBXNativeTarget "DragAndDropTests" */;
			buildPhases = (
				69771CD41B7DBB0500D8BE74 /* Sources */,
				69771CD51B7DBB0500D8BE74 /* Frameworks */,
				69771CD61B7DBB0500D8BE74 /* Resources */,
			);
			buildRules = (
			);
			dependencies = (
				69771CDA1B7DBB0500D8BE74 /* PBXTargetDependency */,
			);
			name = DragAndDropTests;
			productName = DragAndDropTests;
			productReference = 69771CD81B7DBB0500D8BE74 /* DragAndDropTests.xctest */;
			productType = "com.apple.product-type.bundle.unit-test";
		};
/* End PBXNativeTarget section */

/* Begin PBXProject section */
		69771CB71B7DBB0400D8BE74 /* Project object */ = {
			isa = PBXProject;
			attributes = {
				LastUpgradeCheck = 0640;
				ORGANIZATIONNAME = Sarath;
				TargetAttributes = {
					69771CBE1B7DBB0400D8BE74 = {
						CreatedOnToolsVersion = 6.4;
					};
					69771CD71B7DBB0500D8BE74 = {
						CreatedOnToolsVersion = 6.4;
						TestTargetID = 69771CBE1B7DBB0400D8BE74;
					};
				};
			};
			buildConfigurationList = 69771CBA1B7DBB0400D8BE74 /* Build configuration list for PBXProject "DragAndDrop" */;
			compatibilityVersion = "Xcode 3.2";
			developmentRegion = English;
			hasScannedForEncodings = 0;
			knownRegions = (
				en,
				Base,
			);
			mainGroup = 69771CB61B7DBB0400D8BE74;
			productRefGroup = 69771CC01B7DBB0400D8BE74 /* Products */;
			projectDirPath = "";
			projectRoot = "";
			targets = (
				69771CBE1B7DBB0400D8BE74 /* DragAndDrop */,
				69771CD71B7DBB0500D8BE74 /* DragAndDropTests */,
			);
		};
/* End PBXProject section */

/* Begin PBXResourcesBuildPhase section */
		69771CBD1B7DBB0400D8BE74 /* Resources */ = {
			isa = PBXResourcesBuildPhase;
			buildActionMask = 2147483647;
			files = (
				69771CF11B7DBE1F00D8BE74 /* bag.png in Resources */,
				69771CEC1B7DBBBE00D8BE74 /* DragAndDropViewController.xib in Resources */,
				69771CF31B7DBE1F00D8BE74 /* bg.png in Resources */,
				69771CD31B7DBB0400D8BE74 /* LaunchScreen.xib in Resources */,
				69771CF21B7DBE1F00D8BE74 /* basket.png in Resources */,
				69771CF41B7DBE1F00D8BE74 /* shoe.png in Resources */,
				69771CD01B7DBB0400D8BE74 /* Images.xcassets in Resources */,
			);
			runOnlyForDeploymentPostprocessing = 0;
		};
		69771CD61B7DBB0500D8BE74 /* Resources */ = {
			isa = PBXResourcesBuildPhase;
			buildActionMask = 2147483647;
			files = (
			);
			runOnlyForDeploymentPostprocessing = 0;
		};
/* End PBXResourcesBuildPhase section */

/* Begin PBXSourcesBuildPhase section */
		69771CBB1B7DBB0400D8BE74 /* Sources */ = {
			isa = PBXSourcesBuildPhase;
			buildActionMask = 2147483647;
			files = (
				69771CC81B7DBB0400D8BE74 /* AppDelegate.m in Sources */,
				69771CEA1B7DBB6B00D8BE74 /* DragAndDropViewController.m in Sources */,
				69771CC51B7DBB0400D8BE74 /* main.m in Sources */,
			);
			runOnlyForDeploymentPostprocessing = 0;
		};
		69771CD41B7DBB0500D8BE74 /* Sources */ = {
			isa = PBXSourcesBuildPhase;
			buildActionMask = 2147483647;
			files = (
				69771CDF1B7DBB0500D8BE74 /* DragAndDropTests.m in Sources */,
			);
			runOnlyForDeploymentPostprocessing = 0;
		};
/* End PBXSourcesBuildPhase section */

/* Begin PBXTargetDependency section */
		69771CDA1B7DBB0500D8BE74 /* PBXTargetDependency */ = {
			isa = PBXTargetDependency;
			target = 69771CBE1B7DBB0400D8BE74 /* DragAndDrop */;
			targetProxy = 69771CD91B7DBB0500D8BE74 /* PBXContainerItemProxy */;
		};
/* End PBXTargetDependency section */

/* Begin PBXVariantGroup section */
		69771CD11B7DBB0400D8BE74 /* LaunchScreen.xib */ = {
			isa = PBXVariantGroup;
			children = (
				69771CD21B7DBB0400D8BE74 /* Base */,
			);
			name = LaunchScreen.xib;
			sourceTree = "<group>";
		};
/* End PBXVariantGroup section */

/* Begin XCBuildConfiguration section */
		69771CE01B7DBB0500D8BE74 /* Debug */ = {
			isa = XCBuildConfiguration;
			buildSettings = {
				ALWAYS_SEARCH_USER_PATHS = NO;
				CLANG_CXX_LANGUAGE_STANDARD = "gnu++0x";
				CLANG_CXX_LIBRARY = "libc++";
				CLANG_ENABLE_MODULES = YES;
				CLANG_ENABLE_OBJC_ARC = YES;
				CLANG_WARN_BOOL_CONVERSION = YES;
				CLANG_WARN_CONSTANT_CONVERSION = YES;
				CLANG_WARN_DIRECT_OBJC_ISA_USAGE = YES_ERROR;
				CLANG_WARN_EMPTY_BODY = YES;
				CLANG_WARN_ENUM_CONVERSION = YES;
				CLANG_WARN_INT_CONVERSION = YES;
				CLANG_WARN_OBJC_ROOT_CLASS = YES_ERROR;
				CLANG_WARN_UNREACHABLE_CODE = YES;
				CLANG_WARN__DUPLICATE_METHOD_MATCH = YES;
				"CODE_SIGN_IDENTITY[sdk=iphoneos*]" = "iPhone Developer";
				COPY_PHASE_STRIP = NO;
				DEBUG_INFORMATION_FORMAT = "dwarf-with-dsym";
				ENABLE_STRICT_OBJC_MSGSEND = YES;
				GCC_C_LANGUAGE_STANDARD = gnu99;
				GCC_DYNAMIC_NO_PIC = NO;
				GCC_NO_COMMON_BLOCKS = YES;
				GCC_OPTIMIZATION_LEVEL = 0;
				GCC_PREPROCESSOR_DEFINITIONS = (
					"DEBUG=1",
					"$(inherited)",
				);
				GCC_SYMBOLS_PRIVATE_EXTERN = NO;
				GCC_WARN_64_TO_32_BIT_CONVERSION = YES;
				GCC_WARN_ABOUT_RETURN_TYPE = YES_ERROR;
				GCC_WARN_UNDECLARED_SELECTOR = YES;
				GCC_WARN_UNINITIALIZED_AUTOS = YES_AGGRESSIVE;
				GCC_WARN_UNUSED_FUNCTION = YES;
				GCC_WARN_UNUSED_VARIABLE = YES;
				IPHONEOS_DEPLOYMENT_TARGET = 8.4;
				MTL_ENABLE_DEBUG_INFO = YES;
				ONLY_ACTIVE_ARCH = YES;
				SDKROOT = iphoneos;
			};
			name = Debug;
		};
		69771CE11B7DBB0500D8BE74 /* Release */ = {
			isa = XCBuildConfiguration;
			buildSettings = {
				ALWAYS_SEARCH_USER_PATHS = NO;
				CLANG_CXX_LANGUAGE_STANDARD = "gnu++0x";
				CLANG_CXX_LIBRARY = "libc++";
				CLANG_ENABLE_MODULES = YES;
				CLANG_ENABLE_OBJC_ARC = YES;
				CLANG_WARN_BOOL_CONVERSION = YES;
				CLANG_WARN_CONSTANT_CONVERSION = YES;
				CLANG_WARN_DIRECT_OBJC_ISA_USAGE = YES_ERROR;
				CLANG_WARN_EMPTY_BODY = YES;
				CLANG_WARN_ENUM_CONVERSION = YES;
				CLANG_WARN_INT_CONVERSION = YES;
				CLANG_WARN_OBJC_ROOT_CLASS = YES_ERROR;
				CLANG_WARN_UNREACHABLE_CODE = YES;
				CLANG_WARN__DUPLICATE_METHOD_MATCH = YES;
				"CODE_SIGN_IDENTITY[sdk=iphoneos*]" = "iPhone Developer";
				COPY_PHASE_STRIP = NO;
				DEBUG_INFORMATION_FORMAT = "dwarf-with-dsym";
				ENABLE_NS_ASSERTIONS = NO;
				ENABLE_STRICT_OBJC_MSGSEND = YES;
				GCC_C_LANGUAGE_STANDARD = gnu99;
				GCC_NO_COMMON_BLOCKS = YES;
				GCC_WARN_64_TO_32_BIT_CONVERSION = YES;
				GCC_WARN_ABOUT_RETURN_TYPE = YES_ERROR;
				GCC_WARN_UNDECLARED_SELECTOR = YES;
				GCC_WARN_UNINITIALIZED_AUTOS = YES_AGGRESSIVE;
				GCC_WARN_UNUSED_FUNCTION = YES;
				GCC_WARN_UNUSED_VARIABLE = YES;
				IPHONEOS_DEPLOYMENT_TARGET = 8.4;
				MTL_ENABLE_DEBUG_INFO = NO;
				SDKROOT = iphoneos;
				VALIDATE_PRODUCT = YES;
			};
			name = Release;
		};
		69771CE31B7DBB0500D8BE74 /* Debug */ = {
			isa = XCBuildConfiguration;
			buildSettings = {
				ASSETCATALOG_COMPILER_APPICON_NAME = AppIcon;
				INFOPLIST_FILE = DragAndDrop/Info.plist;
				LD_RUNPATH_SEARCH_PATHS = "$(inherited) @executable_path/Frameworks";
				PRODUCT_NAME = "$(TARGET_NAME)";
			};
			name = Debug;
		};
		69771CE41B7DBB0500D8BE74 /* Release */ = {
			isa = XCBuildConfiguration;
			buildSettings = {
				ASSETCATALOG_COMPILER_APPICON_NAME = AppIcon;
				INFOPLIST_FILE = DragAndDrop/Info.plist;
				LD_RUNPATH_SEARCH_PATHS = "$(inherited) @executable_path/Frameworks";
				PRODUCT_NAME = "$(TARGET_NAME)";
			};
			name = Release;
		};
		69771CE61B7DBB0500D8BE74 /* Debug */ = {
			isa = XCBuildConfiguration;
			buildSettings = {
				BUNDLE_LOADER = "$(TEST_HOST)";
				FRAMEWORK_SEARCH_PATHS = (
					"$(SDKROOT)/Developer/Library/Frameworks",
					"$(inherited)",
				);
				GCC_PREPROCESSOR_DEFINITIONS = (
					"DEBUG=1",
					"$(inherited)",
				);
				INFOPLIST_FILE = DragAndDropTests/Info.plist;
				LD_RUNPATH_SEARCH_PATHS = "$(inherited) @executable_path/Frameworks @loader_path/Frameworks";
				PRODUCT_NAME = "$(TARGET_NAME)";
				TEST_HOST = "$(BUILT_PRODUCTS_DIR)/DragAndDrop.app/DragAndDrop";
			};
			name = Debug;
		};
		69771CE71B7DBB0500D8BE74 /* Release */ = {
			isa = XCBuildConfiguration;
			buildSettings = {
				BUNDLE_LOADER = "$(TEST_HOST)";
				FRAMEWORK_SEARCH_PATHS = (
					"$(SDKROOT)/Developer/Library/Frameworks",
					"$(inherited)",
				);
				INFOPLIST_FILE = DragAndDropTests/Info.plist;
				LD_RUNPATH_SEARCH_PATHS = "$(inherited) @executable_path/Frameworks @loader_path/Frameworks";
				PRODUCT_NAME = "$(TARGET_NAME)";
				TEST_HOST = "$(BUILT_PRODUCTS_DIR)/DragAndDrop.app/DragAndDrop";
			};
			name = Release;
		};
/* End XCBuildConfiguration section */

/* Begin XCConfigurationList section */
		69771CBA1B7DBB0400D8BE74 /* Build configuration list for PBXProject "DragAndDrop" */ = {
			isa = XCConfigurationList;
			buildConfigurations = (
				69771CE01B7DBB0500D8BE74 /* Debug */,
				69771CE11B7DBB0500D8BE74 /* Release */,
			);
			defaultConfigurationIsVisible = 0;
			defaultConfigurationName = Release;
		};
		69771CE21B7DBB0500D8BE74 /* Build configuration list for PBXNativeTarget "DragAndDrop" */ = {
			isa = XCConfigurationList;
			buildConfigurations = (
				69771CE31B7DBB0500D8BE74 /* Debug */,
				69771CE41B7DBB0500D8BE74 /* Release */,
			);
			defaultConfigurationIsVisible = 0;
		};
		69771CE51B7DBB0500D8BE74 /* Build configuration list for PBXNativeTarget "DragAndDropTests" */ = {
			isa = XCConfigurationList;
			buildConfigurations = (
				69771CE61B7DBB0500D8BE74 /* Debug */,
				69771CE71B7DBB0500D8BE74 /* Release */,
			);
			defaultConfigurationIsVisible = 0;
		};
/* End XCConfigurationList section */
	};
	rootObject = 69771CB71B7DBB0400D8BE74 /* Project object */;
}
